
Microsoft Visual Studio Solution File, Format Version 12.00
# Visual Studio Version 16
VisualStudioVersion = 16.0.31729.503
MinimumVisualStudioVersion = 10.0.40219.1
Project("{FAE04EC0-301F-11D3-BF4B-00C04F79EFBC}") = "PeranBagianMVC", "PeranBagianMVC\PeranBagianMVC.csproj", "{30C9B7C4-749E-41C3-9F83-7C5E20AE991A}"
EndProject
Global
	GlobalSection(SolutionConfigurationPlatforms) = preSolution
		Debug|Any CPU = Debug|Any CPU
		Release|Any CPU = Release|Any CPU
	EndGlobalSection
	GlobalSection(ProjectConfigurationPlatforms) = postSolution
		{30C9B7C4-749E-41C3-9F83-7C5E20AE991A}.Debug|Any CPU.ActiveCfg = Debug|Any CPU
		{30C9B7C4-749E-41C3-9F83-7C5E20AE991A}.Debug|Any CPU.Build.0 = Debug|Any CPU
		{30C9B7C4-749E-41C3-9F83-7C5E20AE991A}.Release|Any CPU.ActiveCfg = Release|Any CPU
		{30C9B7C4-749E-41C3-9F83-7C5E20AE991A}.Release|Any CPU.Build.0 = Release|Any CPU
	EndGlobalSection
	GlobalSection(SolutionProperties) = preSolution
		HideSolutionNode = FALSE
	EndGlobalSection
	GlobalSection(ExtensibilityGlobals) = postSolution
		SolutionGuid = {C03416CC-9B4C-4ADC-A397-15478A43D68F}
	EndGlobalSection
EndGlobal
